schema: '2.0'
stages:
  data_ingestion:
    cmd: python src/deepClassifier/pipline/stage_01_data_ingestion.py
    deps:
    - path: configs/config.yaml
      md5: 62aaabf9a4f857724926f5c0e7c91d3d
      size: 827
    - path: src/deepClassifier/pipline/stage_01_data_ingestion.py
      md5: de9e2375208ac6ef05021c2b6c6293c0
      size: 726
    outs:
    - path: artifacts/data_ingestion/PetImages
      md5: 3a5cf86541f22c236620ce5b952ad684.dir
      size: 848866410
      nfiles: 24998
  prepare_base_model:
    cmd: python src/deepClassifier/pipline/stage_02_prepare_base_model.py
    deps:
    - path: configs/config.yaml
      md5: 62aaabf9a4f857724926f5c0e7c91d3d
      size: 827
    - path: src/deepClassifier/pipline/stage_02_prepare_base_model.py
      md5: 50215e1d3cbb05a1dc362d86cd89d4c5
      size: 799
    params:
      params.yaml:
        CLASSES: 2
        IMAGE_SIZE:
        - 224
        - 224
        - 3
        INCLUDE_TOP: false
        LEARNING_RATE: 0.01
        WEIGHTS: imagenet
    outs:
    - path: artifacts/prepare_base_model
      md5: a92a11c2c651faa103f8aa9135c419e3.dir
      size: 118053368
      nfiles: 2
  training:
    cmd: python src/deepClassifier/pipline/stage_03_training.py
    deps:
    - path: artifacts/data_ingestion/PetImages
      md5: 3a5cf86541f22c236620ce5b952ad684.dir
      size: 848866410
      nfiles: 24998
    - path: artifacts/prepare_base_model
      md5: a92a11c2c651faa103f8aa9135c419e3.dir
      size: 118053368
      nfiles: 2
    - path: configs/config.yaml
      md5: 62aaabf9a4f857724926f5c0e7c91d3d
      size: 827
    - path: src/deepClassifier/components/prepare_callback.py
      md5: 512260994aeff46e79fdb568616a2154
      size: 912
    - path: src/deepClassifier/pipline/stage_03_training.py
      md5: b544965e110cbf58357a4947c0120426
      size: 1005
    params:
      params.yaml:
        AUGMENTATION: true
        BATCH_SIZE: 16
        EPOCHS: 1
        IMAGE_SIZE:
        - 224
        - 224
        - 3
    outs:
    - path: artifacts/training/model.h5
      md5: e41aa1422c47a5eb6831bf3cbe60283d
      size: 59135136
